
Microsoft Visual Studio Solution File, Format Version 12.00
# Visual Studio Version 17
VisualStudioVersion = 17.3.32922.545
MinimumVisualStudioVersion = 10.0.40219.1
Project("{9A19103F-16F7-4668-BE54-9A1E7A4F7556}") = "Template.WPF", "Template.WPF\Template.WPF.csproj", "{5CB06BCA-0B95-4A54-BF00-DAD759DE523D}"
EndProject
Project("{9A19103F-16F7-4668-BE54-9A1E7A4F7556}") = "Template.Domain", "Template.Domain\Template.Domain.csproj", "{C931CF65-03F3-48D5-9F3E-B042EE5C6C8C}"
EndProject
Project("{9A19103F-16F7-4668-BE54-9A1E7A4F7556}") = "Template.Infrastruture", "Template.Infrastruture\Template.Infrastruture.csproj", "{12950C61-F81F-426B-9A22-61F3180063CC}"
EndProject
Project("{9A19103F-16F7-4668-BE54-9A1E7A4F7556}") = "TemplateTest.Tests", "TemplateTest.Tests\TemplateTest.Tests.csproj", "{A2BC33A0-95C9-43B1-8E2C-C8383CBB1B7F}"
EndProject
Global
	GlobalSection(SolutionConfigurationPlatforms) = preSolution
		Debug|Any CPU = Debug|Any CPU
		Release|Any CPU = Release|Any CPU
	EndGlobalSection
	GlobalSection(ProjectConfigurationPlatforms) = postSolution
		{5CB06BCA-0B95-4A54-BF00-DAD759DE523D}.Debug|Any CPU.ActiveCfg = Debug|Any CPU
		{5CB06BCA-0B95-4A54-BF00-DAD759DE523D}.Debug|Any CPU.Build.0 = Debug|Any CPU
		{5CB06BCA-0B95-4A54-BF00-DAD759DE523D}.Release|Any CPU.ActiveCfg = Release|Any CPU
		{5CB06BCA-0B95-4A54-BF00-DAD759DE523D}.Release|Any CPU.Build.0 = Release|Any CPU
		{C931CF65-03F3-48D5-9F3E-B042EE5C6C8C}.Debug|Any CPU.ActiveCfg = Debug|Any CPU
		{C931CF65-03F3-48D5-9F3E-B042EE5C6C8C}.Debug|Any CPU.Build.0 = Debug|Any CPU
		{C931CF65-03F3-48D5-9F3E-B042EE5C6C8C}.Release|Any CPU.ActiveCfg = Release|Any CPU
		{C931CF65-03F3-48D5-9F3E-B042EE5C6C8C}.Release|Any CPU.Build.0 = Release|Any CPU
		{12950C61-F81F-426B-9A22-61F3180063CC}.Debug|Any CPU.ActiveCfg = Debug|Any CPU
		{12950C61-F81F-426B-9A22-61F3180063CC}.Debug|Any CPU.Build.0 = Debug|Any CPU
		{12950C61-F81F-426B-9A22-61F3180063CC}.Release|Any CPU.ActiveCfg = Release|Any CPU
		{12950C61-F81F-426B-9A22-61F3180063CC}.Release|Any CPU.Build.0 = Release|Any CPU
		{A2BC33A0-95C9-43B1-8E2C-C8383CBB1B7F}.Debug|Any CPU.ActiveCfg = Debug|Any CPU
		{A2BC33A0-95C9-43B1-8E2C-C8383CBB1B7F}.Debug|Any CPU.Build.0 = Debug|Any CPU
		{A2BC33A0-95C9-43B1-8E2C-C8383CBB1B7F}.Release|Any CPU.ActiveCfg = Release|Any CPU
		{A2BC33A0-95C9-43B1-8E2C-C8383CBB1B7F}.Release|Any CPU.Build.0 = Release|Any CPU
	EndGlobalSection
	GlobalSection(SolutionProperties) = preSolution
		HideSolutionNode = FALSE
	EndGlobalSection
	GlobalSection(ExtensibilityGlobals) = postSolution
		SolutionGuid = {DEAF577D-2E45-4577-BEA4-C924B6A5A7F1}
	EndGlobalSection
EndGlobal
